
Microsoft Visual Studio Solution File, Format Version 12.00
# Visual Studio Version 17
VisualStudioVersion = 17.7.34221.43
MinimumVisualStudioVersion = 10.0.40219.1
Project("{9A19103F-16F7-4668-BE54-9A1E7A4F7556}") = "PracticalTest.Server", "PracticalTest\Server\PracticalTest.Server.csproj", "{4E9ECE48-F1A8-4572-8616-B02A225E6380}"
EndProject
Project("{9A19103F-16F7-4668-BE54-9A1E7A4F7556}") = "PracticalTest.Client", "PracticalTest\Client\PracticalTest.Client.csproj", "{E62D87C6-1A3E-450A-B4DA-816E8B9B0895}"
EndProject
Project("{9A19103F-16F7-4668-BE54-9A1E7A4F7556}") = "PracticalTest.Shared", "PracticalTest\Shared\PracticalTest.Shared.csproj", "{944C099F-81B4-4687-8C0C-F1AD01083D78}"
EndProject
Global
	GlobalSection(SolutionConfigurationPlatforms) = preSolution
		Debug|Any CPU = Debug|Any CPU
		Release|Any CPU = Release|Any CPU
	EndGlobalSection
	GlobalSection(ProjectConfigurationPlatforms) = postSolution
		{4E9ECE48-F1A8-4572-8616-B02A225E6380}.Debug|Any CPU.ActiveCfg = Debug|Any CPU
		{4E9ECE48-F1A8-4572-8616-B02A225E6380}.Debug|Any CPU.Build.0 = Debug|Any CPU
		{4E9ECE48-F1A8-4572-8616-B02A225E6380}.Release|Any CPU.ActiveCfg = Release|Any CPU
		{4E9ECE48-F1A8-4572-8616-B02A225E6380}.Release|Any CPU.Build.0 = Release|Any CPU
		{E62D87C6-1A3E-450A-B4DA-816E8B9B0895}.Debug|Any CPU.ActiveCfg = Debug|Any CPU
		{E62D87C6-1A3E-450A-B4DA-816E8B9B0895}.Debug|Any CPU.Build.0 = Debug|Any CPU
		{E62D87C6-1A3E-450A-B4DA-816E8B9B0895}.Release|Any CPU.ActiveCfg = Release|Any CPU
		{E62D87C6-1A3E-450A-B4DA-816E8B9B0895}.Release|Any CPU.Build.0 = Release|Any CPU
		{944C099F-81B4-4687-8C0C-F1AD01083D78}.Debug|Any CPU.ActiveCfg = Debug|Any CPU
		{944C099F-81B4-4687-8C0C-F1AD01083D78}.Debug|Any CPU.Build.0 = Debug|Any CPU
		{944C099F-81B4-4687-8C0C-F1AD01083D78}.Release|Any CPU.ActiveCfg = Release|Any CPU
		{944C099F-81B4-4687-8C0C-F1AD01083D78}.Release|Any CPU.Build.0 = Release|Any CPU
	EndGlobalSection
	GlobalSection(SolutionProperties) = preSolution
		HideSolutionNode = FALSE
	EndGlobalSection
	GlobalSection(ExtensibilityGlobals) = postSolution
		SolutionGuid = {AAF2C262-9085-4EAA-A039-FC0958BA613E}
	EndGlobalSection
EndGlobal
